
Microsoft Visual Studio Solution File, Format Version 12.00
# Visual Studio Version 17
VisualStudioVersion = 17.7.34202.233
MinimumVisualStudioVersion = 10.0.40219.1
Project("{FAE04EC0-301F-11D3-BF4B-00C04F79EFBC}") = "NPCDesigner", "NPCDesigner\NPCDesigner.csproj", "{4564D382-DBD2-4CA8-B191-2220542E9665}"
EndProject
Global
	GlobalSection(SolutionConfigurationPlatforms) = preSolution
		Debug|Any CPU = Debug|Any CPU
		Release|Any CPU = Release|Any CPU
	EndGlobalSection
	GlobalSection(ProjectConfigurationPlatforms) = postSolution
		{4564D382-DBD2-4CA8-B191-2220542E9665}.Debug|Any CPU.ActiveCfg = Debug|Any CPU
		{4564D382-DBD2-4CA8-B191-2220542E9665}.Debug|Any CPU.Build.0 = Debug|Any CPU
		{4564D382-DBD2-4CA8-B191-2220542E9665}.Release|Any CPU.ActiveCfg = Release|Any CPU
		{4564D382-DBD2-4CA8-B191-2220542E9665}.Release|Any CPU.Build.0 = Release|Any CPU
	EndGlobalSection
	GlobalSection(SolutionProperties) = preSolution
		HideSolutionNode = FALSE
	EndGlobalSection
	GlobalSection(ExtensibilityGlobals) = postSolution
		SolutionGuid = {8BB39CAB-5AB6-4D2B-A8F0-4ED0F8CA9FC0}
	EndGlobalSection
EndGlobal
